<?xml version="1.0" encoding="UTF-8" standalone="yes" ?>
<CodeBlocks_project_file>
	<FileVersion major="1" minor="6" />
	<Project>
		<Option title="ScorchCrafter" />
		<Option pch_mode="2" />
		<Option compiler="gcc" />
		<Build>
			<Target title="Win32-Fast MinGW">
				<Option output="..\bin\ScorchCrafter_MinGW" prefix_auto="1" extension_auto="1" />
				<Option object_output="Release Win32" />
				<Option type="3" />
				<Option compiler="gcc" />
				<Option projectCompilerOptionsRelation="1" />
				<Compiler>
					<Add option="-Os" />
					<Add option="-O3" />
					<Add option="-w" />
					<Add option="-trigraphs" />
					<Add option="-DWINDOWS" />
					<Add option="-D_WINDOWS" />
					<Add option="-DWIN32" />
					<Add option="-D_USERDLL" />
					<Add option="-D_USE_MATH_DEFINES" />
					<Add option="-DCOMPILER_MGW32" />
					<Add option="-DUSE_LIBPNG=1" />
					<Add option="-DCRT_SECURE_NO_WARNINGS=1" />
					<Add option="-D_CRT_SECURE_NO_WARNINGS=1" />
					<Add option="-DCRT_SECURE_NO_DEPRECATE=1" />
					<Add option="-D_CRT_SECURE_NO_DEPRECATE=1" />
					<Add option="-DNDEBUG" />
					<Add option="-DEXPORTS" />
					<Add option="-DPNG_NO_MNG_FEATURES" />
					<Add option="-DPNG_STATIC" />
					<Add option="-DMINGW32" />
					<Add option="-D_MINGW32_" />
					<Add option="-D__MINGW32__" />
					<Add option="-DGNUC" />
					<Add option="-D_GNUC_" />
					<Add option="-DPRECISION_LOW" />
				</Compiler>
				<Linker>
					<Add option="-mwindows" />
					<Add option="--def scorchcrafter.def" />
					<Add library="uuid" />
					<Add library="shell32" />
					<Add library="ole32" />
					<Add library="User32" />
					<Add library="advapi32" />
					<Add library="..\lib\libgraphics_32.a" />
				</Linker>
				<ExtraCommands>
					<Add after='cmd /c copy /y &quot;$(TARGET_OUTPUT_FILE)&quot; &quot;../bin/ScorchCrafter_LD_MGW32.dll&quot;' />
				</ExtraCommands>
			</Target>
			<Target title="Win32-Normal MinGW">
				<Option output="..\bin\ScorchCrafter_MinGW" prefix_auto="1" extension_auto="1" />
				<Option object_output="Release Win32" />
				<Option type="3" />
				<Option compiler="gcc" />
				<Option projectCompilerOptionsRelation="1" />
				<Compiler>
					<Add option="-Os" />
					<Add option="-O2" />
					<Add option="-w" />
					<Add option="-trigraphs" />
					<Add option="-m128bit-long-double" />
					<Add option="-DWINDOWS" />
					<Add option="-D_WINDOWS" />
					<Add option="-DWIN32" />
					<Add option="-D_USERDLL" />
					<Add option="-D_USE_MATH_DEFINES" />
					<Add option="-DCOMPILER_MGW32" />
					<Add option="-DUSE_LIBPNG=1" />
					<Add option="-DCRT_SECURE_NO_WARNINGS=1" />
					<Add option="-D_CRT_SECURE_NO_WARNINGS=1" />
					<Add option="-DCRT_SECURE_NO_DEPRECATE=1" />
					<Add option="-D_CRT_SECURE_NO_DEPRECATE=1" />
					<Add option="-DNDEBUG" />
					<Add option="-DEXPORTS" />
					<Add option="-DPNG_NO_MNG_FEATURES" />
					<Add option="-DPNG_STATIC" />
					<Add option="-DMINGW32" />
					<Add option="-D_MINGW32_" />
					<Add option="-D__MINGW32__" />
					<Add option="-DGNUC" />
					<Add option="-D_GNUC_" />
					<Add option="-DPRECISION_NORMAL" />
				</Compiler>
				<Linker>
					<Add option="-mwindows" />
					<Add option="--def scorchcrafter.def" />
					<Add library="uuid" />
					<Add library="shell32" />
					<Add library="ole32" />
					<Add library="User32" />
					<Add library="advapi32" />
					<Add library="..\lib\libgraphics_32.a" />
				</Linker>
				<ExtraCommands>
					<Add after='cmd /c copy /y &quot;$(TARGET_OUTPUT_FILE)&quot; &quot;../bin/ScorchCrafter_SD_MGW32.dll&quot;' />
				</ExtraCommands>
			</Target>
			<Target title="Win32-HD MinGW">
				<Option output="..\bin\ScorchCrafter_MinGW" prefix_auto="1" extension_auto="1" />
				<Option object_output="Release Win32" />
				<Option type="3" />
				<Option compiler="gcc" />
				<Option projectCompilerOptionsRelation="1" />
				<Compiler>
					<Add option="-O1" />
					<Add option="-w" />
					<Add option="-trigraphs" />
					<Add option="-m128bit-long-double" />
					<Add option="-DWINDOWS" />
					<Add option="-D_WINDOWS" />
					<Add option="-DWIN32" />
					<Add option="-D_USERDLL" />
					<Add option="-D_USE_MATH_DEFINES" />
					<Add option="-DCOMPILER_MGW32" />
					<Add option="-DUSE_LIBPNG=1" />
					<Add option="-DCRT_SECURE_NO_WARNINGS=1" />
					<Add option="-D_CRT_SECURE_NO_WARNINGS=1" />
					<Add option="-DCRT_SECURE_NO_DEPRECATE=1" />
					<Add option="-D_CRT_SECURE_NO_DEPRECATE=1" />
					<Add option="-DNDEBUG" />
					<Add option="-DEXPORTS" />
					<Add option="-DPNG_NO_MNG_FEATURES" />
					<Add option="-DPNG_STATIC" />
					<Add option="-DMINGW32" />
					<Add option="-D_MINGW32_" />
					<Add option="-D__MINGW32__" />
					<Add option="-DGNUC" />
					<Add option="-D_GNUC_" />
					<Add option="-DPRECISION_MAX" />
				</Compiler>
				<Linker>
					<Add option="-mwindows" />
					<Add option="--def scorchcrafter.def" />
					<Add library="uuid" />
					<Add library="shell32" />
					<Add library="ole32" />
					<Add library="User32" />
					<Add library="advapi32" />
					<Add library="..\lib\libgraphics_32.a" />
				</Linker>
				<ExtraCommands>
					<Add after='cmd /c copy /y &quot;$(TARGET_OUTPUT_FILE)&quot; &quot;../bin/ScorchCrafter_HD_MGW32.dll&quot;' />
				</ExtraCommands>
			</Target>
			<Target title="Win64-Fast MinGW">
				<Option output="..\bin\ScorchCrafter_MinGW" prefix_auto="1" extension_auto="1" />
				<Option object_output="Release Win32" />
				<Option type="3" />
				<Option compiler="cb64bit_gnu_gcc_compiler" />
				<Option projectCompilerOptionsRelation="1" />
				<Compiler>
					<Add option="-Os" />
					<Add option="-O3" />
					<Add option="-w" />
					<Add option="-trigraphs" />
					<Add option="-m64" />
					<Add option="-trigraphs" />
					<Add option="-m128bit-long-double" />
					<Add option="-msse2" />
					<Add option="-ffinite-math-only" />
					<Add option="-fno-signed-zeros" />
					<Add option="-fno-trapping-math" />
					<Add option="-mfpmath=sse" />
					<Add option="-malign-double" />
					<Add option="-DWINDOWS" />
					<Add option="-D_WINDOWS" />
					<Add option="-DWIN64" />
					<Add option="-D_USERDLL" />
					<Add option="-D_USE_MATH_DEFINES" />
					<Add option="-DCOMPILER_MGW64" />
					<Add option="-DUSE_LIBPNG=1" />
					<Add option="-DCRT_SECURE_NO_WARNINGS=1" />
					<Add option="-D_CRT_SECURE_NO_WARNINGS=1" />
					<Add option="-DCRT_SECURE_NO_DEPRECATE=1" />
					<Add option="-D_CRT_SECURE_NO_DEPRECATE=1" />
					<Add option="-DNDEBUG" />
					<Add option="-DEXPORTS" />
					<Add option="-DPNG_NO_MNG_FEATURES" />
					<Add option="-DPNG_STATIC" />
					<Add option="-DGNUC" />
					<Add option="-D_GNUC_" />
					<Add option="-DPRECISION_LOW" />
				</Compiler>
				<Linker>
					<Add option="-mwindows -m64" />
					<Add option="--def scorchcrafter.def" />
					<Add library="uuid" />
					<Add library="shell32" />
					<Add library="ole32" />
					<Add library="User32" />
					<Add library="advapi32" />
					<Add library="..\lib\libgraphics_64.a" />
				</Linker>
				<ExtraCommands>
					<Add after='cmd /c copy /y &quot;$(TARGET_OUTPUT_FILE)&quot; &quot;../bin/ScorchCrafter_LD_MGW64.dll&quot;' />
				</ExtraCommands>
			</Target>
			<Target title="Win64-Normal MinGW">
				<Option output="..\bin\ScorchCrafter_MinGW" prefix_auto="1" extension_auto="1" />
				<Option object_output="Release Win32" />
				<Option type="3" />
				<Option compiler="cb64bit_gnu_gcc_compiler" />
				<Option projectCompilerOptionsRelation="1" />
				<Compiler>
					<Add option="-Os" />
					<Add option="-O2" />
					<Add option="-w" />
					<Add option="-trigraphs" />
					<Add option="-m64" />
					<Add option="-trigraphs" />
					<Add option="-m128bit-long-double" />
					<Add option="-msse2" />
					<Add option="-ffinite-math-only" />
					<Add option="-fno-signed-zeros" />
					<Add option="-fno-trapping-math" />
					<Add option="-mfpmath=sse" />
					<Add option="-malign-double" />
					<Add option="-DWINDOWS" />
					<Add option="-D_WINDOWS" />
					<Add option="-DWIN64" />
					<Add option="-D_USERDLL" />
					<Add option="-D_USE_MATH_DEFINES" />
					<Add option="-DCOMPILER_MGW64" />
					<Add option="-DUSE_LIBPNG=1" />
					<Add option="-DCRT_SECURE_NO_WARNINGS=1" />
					<Add option="-D_CRT_SECURE_NO_WARNINGS=1" />
					<Add option="-DCRT_SECURE_NO_DEPRECATE=1" />
					<Add option="-D_CRT_SECURE_NO_DEPRECATE=1" />
					<Add option="-DNDEBUG" />
					<Add option="-DEXPORTS" />
					<Add option="-DPNG_NO_MNG_FEATURES" />
					<Add option="-DPNG_STATIC" />
					<Add option="-DGNUC" />
					<Add option="-D_GNUC_" />
					<Add option="-DPRECISION_NORMAL" />
				</Compiler>
				<Linker>
					<Add option="-mwindows -m64" />
					<Add option="--def scorchcrafter.def" />
					<Add library="uuid" />
					<Add library="shell32" />
					<Add library="ole32" />
					<Add library="User32" />
					<Add library="advapi32" />
					<Add library="..\lib\libgraphics_64.a" />
				</Linker>
				<ExtraCommands>
					<Add after='cmd /c copy /y &quot;$(TARGET_OUTPUT_FILE)&quot; &quot;../bin/ScorchCrafter_SD_MGW64.dll&quot;' />
				</ExtraCommands>
			</Target>
			<Target title="Win64-HD MinGW">
				<Option output="..\bin\ScorchCrafter_MinGW" prefix_auto="1" extension_auto="1" />
				<Option object_output="Release Win32" />
				<Option type="3" />
				<Option compiler="cb64bit_gnu_gcc_compiler" />
				<Option projectCompilerOptionsRelation="1" />
				<Compiler>
					<Add option="-O1" />
					<Add option="-w" />
					<Add option="-trigraphs" />
					<Add option="-m64" />
					<Add option="-trigraphs" />
					<Add option="-m128bit-long-double" />
					<Add option="-msse2" />
					<Add option="-ffinite-math-only" />
					<Add option="-fno-signed-zeros" />
					<Add option="-fno-trapping-math" />
					<Add option="-mfpmath=sse" />
					<Add option="-malign-double" />
					<Add option="-DWINDOWS" />
					<Add option="-D_WINDOWS" />
					<Add option="-DWIN64" />
					<Add option="-D_USERDLL" />
					<Add option="-D_USE_MATH_DEFINES" />
					<Add option="-DCOMPILER_MGW64" />
					<Add option="-DUSE_LIBPNG=1" />
					<Add option="-DCRT_SECURE_NO_WARNINGS=1" />
					<Add option="-D_CRT_SECURE_NO_WARNINGS=1" />
					<Add option="-DCRT_SECURE_NO_DEPRECATE=1" />
					<Add option="-D_CRT_SECURE_NO_DEPRECATE=1" />
					<Add option="-DNDEBUG" />
					<Add option="-DEXPORTS" />
					<Add option="-DPNG_NO_MNG_FEATURES" />
					<Add option="-DPNG_STATIC" />
					<Add option="-DGNUC" />
					<Add option="-D_GNUC_" />
					<Add option="-DPRECISION_MAX" />
				</Compiler>
				<Linker>
					<Add option="-mwindows -m64" />
					<Add option="--def scorchcrafter.def" />
					<Add library="uuid" />
					<Add library="shell32" />
					<Add library="ole32" />
					<Add library="User32" />
					<Add library="advapi32" />
					<Add library="..\lib\libgraphics_64.a" />
				</Linker>
				<ExtraCommands>
					<Add after='cmd /c copy /y &quot;$(TARGET_OUTPUT_FILE)&quot; &quot;../bin/ScorchCrafter_HD_MGW64.dll&quot;' />
				</ExtraCommands>
			</Target>
		</Build>
		<Compiler>
			<Add option="-w" />
			<Add option="-trigraphs" />
			<Add option="-m128bit-long-double" />
			<Add option="-msse2" />
			<Add option="-ffinite-math-only" />
			<Add option="-fno-signed-zeros" />
			<Add option="-fno-trapping-math" />
			<Add option="-mfpmath=sse" />
			<Add option="-malign-double" />
			<Add directory="..\vstsdk" />
			<Add directory="..\vstgui" />
			<Add directory="..\vst_scorchcrafter" />
			<Add directory="..\vstsdk\pluginterfaces\vst2.x" />
			<Add directory="..\vstsdk\public.sdk\source\vst2.x" />
			<Add directory="..\shared" />
			<Add directory="..\include" />
		</Compiler>
		<Linker>
			<Add option="-trigraphs" />
			<Add option="-m128bit-long-double" />
			<Add option="-msse2" />
			<Add option="-ffinite-math-only" />
			<Add option="-fno-signed-zeros" />
			<Add option="-fno-trapping-math" />
			<Add option="-mfpmath=sse" />
			<Add option="-malign-double" />
			<Add directory="..\lib" />
		</Linker>
		<Unit filename="..\lib_graphics_src\crc32.h" />
		<Unit filename="..\lib_graphics_src\deflate.h" />
		<Unit filename="..\lib_graphics_src\gzguts.h" />
		<Unit filename="..\lib_graphics_src\inffast.h" />
		<Unit filename="..\lib_graphics_src\inffixed.h" />
		<Unit filename="..\lib_graphics_src\inflate.h" />
		<Unit filename="..\lib_graphics_src\inftrees.h" />
		<Unit filename="..\lib_graphics_src\png.h" />
		<Unit filename="..\lib_graphics_src\pngconf.h" />
		<Unit filename="..\lib_graphics_src\pngpriv.h" />
		<Unit filename="..\lib_graphics_src\trees.h" />
		<Unit filename="..\lib_graphics_src\zconf.h" />
		<Unit filename="..\lib_graphics_src\zlib.h" />
		<Unit filename="..\lib_graphics_src\zutil.h" />
		<Unit filename="..\shared\custdata_types.h" />
		<Unit filename="..\shared\w_dat_dn.h" />
		<Unit filename="..\shared\w_dat_up.h" />
		<Unit filename="params.h" />
		<Unit filename="resource.h" />
		<Unit filename="scorchc.rc">
			<Option compilerVar="WINDRES" />
		</Unit>
		<Unit filename="scorchc_gui.cpp" />
		<Unit filename="scorchc_gui.h" />
		<Unit filename="scorchcrafter.def" />
		<Unit filename="scr_amp_head.cpp" />
		<Unit filename="scr_amp_head.h" />
		<Unit filename="..\vstgui\aeffguieditor.cpp" />
		<Unit filename="..\vstgui\aeffguieditor.h" />
		<Unit filename="..\vstgui\plugguieditor.cpp" />
		<Unit filename="..\vstgui\plugguieditor.h" />
		<Unit filename="..\vstgui\vstcontrols.cpp" />
		<Unit filename="..\vstgui\vstcontrols.h" />
		<Unit filename="..\vstgui\vstgui.cpp" />
		<Unit filename="..\vstgui\vstgui.h" />
		<Unit filename="..\vstsdk\pluginterfaces\vst2.x\aeffect.h" />
		<Unit filename="..\vstsdk\pluginterfaces\vst2.x\aeffectx.h" />
		<Unit filename="..\vstsdk\pluginterfaces\vst2.x\vstfxstore.h" />
		<Unit filename="..\vstsdk\public.sdk\source\vst2.x\aeffeditor.h" />
		<Unit filename="..\vstsdk\public.sdk\source\vst2.x\audioeffect.cpp" />
		<Unit filename="..\vstsdk\public.sdk\source\vst2.x\audioeffect.h" />
		<Unit filename="..\vstsdk\public.sdk\source\vst2.x\audioeffectx.cpp" />
		<Unit filename="..\vstsdk\public.sdk\source\vst2.x\audioeffectx.h" />
		<Unit filename="..\vstsdk\public.sdk\source\vst2.x\vstplugmain.cpp" />
		<Extensions>
			<code_completion />
			<envvars />
			<debugger />
		</Extensions>
	</Project>
</CodeBlocks_project_file>
